// !$*UTF8*$!
{
	archiveVersion = 1;
	classes = {
	};
	objectVersion = 46;
	objects = {

/* Begin PBXBuildFile section */
		1AC6FB21180E996B004C840B /* libcocos2d Mac.a in Frameworks */ = {isa = PBXBuildFile; fileRef = 1AC6FAF9180E9839004C840B /* libcocos2d Mac.a */; };
		1AC6FB30180E99EB004C840B /* libcocos2d iOS.a in Frameworks */ = {isa = PBXBuildFile; fileRef = 1AC6FB07180E9839004C840B /* libcocos2d iOS.a */; };
		1D60589F0D05DD5A006BFB54 /* Foundation.framework in Frameworks */ = {isa = PBXBuildFile; fileRef = 1D30AB110D05D00D00671497 /* Foundation.framework */; };
		1DF5F4E00D08C38300B7A737 /* UIKit.framework in Frameworks */ = {isa = PBXBuildFile; fileRef = 1DF5F4DF0D08C38300B7A737 /* UIKit.framework */; };
		288765A50DF7441C002DB57D /* CoreGraphics.framework in Frameworks */ = {isa = PBXBuildFile; fileRef = 288765A40DF7441C002DB57D /* CoreGraphics.framework */; };
		3EACC98F19EE6D4300EB3C5E /* res in Resources */ = {isa = PBXBuildFile; fileRef = 3EACC98E19EE6D4300EB3C5E /* res */; };
		3EACC99019EE6D4300EB3C5E /* res in Resources */ = {isa = PBXBuildFile; fileRef = 3EACC98E19EE6D4300EB3C5E /* res */; };
		46880B7B19C43A67006E1F66 /* CloseNormal.png in Resources */ = {isa = PBXBuildFile; fileRef = 46880B7619C43A67006E1F66 /* CloseNormal.png */; };
		46880B7C19C43A67006E1F66 /* CloseNormal.png in Resources */ = {isa = PBXBuildFile; fileRef = 46880B7619C43A67006E1F66 /* CloseNormal.png */; };
		46880B7D19C43A67006E1F66 /* CloseSelected.png in Resources */ = {isa = PBXBuildFile; fileRef = 46880B7719C43A67006E1F66 /* CloseSelected.png */; };
		46880B7E19C43A67006E1F66 /* CloseSelected.png in Resources */ = {isa = PBXBuildFile; fileRef = 46880B7719C43A67006E1F66 /* CloseSelected.png */; };
		46880B8119C43A67006E1F66 /* HelloWorld.png in Resources */ = {isa = PBXBuildFile; fileRef = 46880B7A19C43A67006E1F66 /* HelloWorld.png */; };
		46880B8219C43A67006E1F66 /* HelloWorld.png in Resources */ = {isa = PBXBuildFile; fileRef = 46880B7A19C43A67006E1F66 /* HelloWorld.png */; };
		46880B8819C43A87006E1F66 /* AppDelegate.cpp in Sources */ = {isa = PBXBuildFile; fileRef = 46880B8419C43A87006E1F66 /* AppDelegate.cpp */; };
		46880B8919C43A87006E1F66 /* AppDelegate.cpp in Sources */ = {isa = PBXBuildFile; fileRef = 46880B8419C43A87006E1F66 /* AppDelegate.cpp */; };
		503AE0F817EB97AB00D1A890 /* Icon.icns in Resources */ = {isa = PBXBuildFile; fileRef = 503AE0F617EB97AB00D1A890 /* Icon.icns */; };
		503AE10017EB989F00D1A890 /* AppController.mm in Sources */ = {isa = PBXBuildFile; fileRef = 503AE0FB17EB989F00D1A890 /* AppController.mm */; };
		503AE10117EB989F00D1A890 /* main.m in Sources */ = {isa = PBXBuildFile; fileRef = 503AE0FC17EB989F00D1A890 /* main.m */; };
		503AE10217EB989F00D1A890 /* RootViewController.mm in Sources */ = {isa = PBXBuildFile; fileRef = 503AE0FF17EB989F00D1A890 /* RootViewController.mm */; };
		503AE10517EB98FF00D1A890 /* main.cpp in Sources */ = {isa = PBXBuildFile; fileRef = 503AE10317EB98FF00D1A890 /* main.cpp */; };
		503AE11217EB99EE00D1A890 /* libcurl.dylib in Frameworks */ = {isa = PBXBuildFile; fileRef = 503AE11117EB99EE00D1A890 /* libcurl.dylib */; };
		503AE11B17EB9C5A00D1A890 /* IOKit.framework in Frameworks */ = {isa = PBXBuildFile; fileRef = 503AE11A17EB9C5A00D1A890 /* IOKit.framework */; };
		5087E76317EB910900C73F5D /* Foundation.framework in Frameworks */ = {isa = PBXBuildFile; fileRef = 1D30AB110D05D00D00671497 /* Foundation.framework */; };
		5087E76717EB910900C73F5D /* libz.dylib in Frameworks */ = {isa = PBXBuildFile; fileRef = BF170DB412928DE900B8313A /* libz.dylib */; };
		5087E76817EB910900C73F5D /* QuartzCore.framework in Frameworks */ = {isa = PBXBuildFile; fileRef = BF1C47EA1293683800B63C5D /* QuartzCore.framework */; };
		5087E76917EB910900C73F5D /* OpenAL.framework in Frameworks */ = {isa = PBXBuildFile; fileRef = D44C620B132DFF330009C878 /* OpenAL.framework */; };
		5087E76A17EB910900C73F5D /* AVFoundation.framework in Frameworks */ = {isa = PBXBuildFile; fileRef = D44C620D132DFF430009C878 /* AVFoundation.framework */; };
		5087E76B17EB910900C73F5D /* AudioToolbox.framework in Frameworks */ = {isa = PBXBuildFile; fileRef = D44C620F132DFF4E0009C878 /* AudioToolbox.framework */; };
		5087E77D17EB970100C73F5D /* Default-568h@2x.png in Resources */ = {isa = PBXBuildFile; fileRef = 5087E77217EB970100C73F5D /* Default-568h@2x.png */; };
		5087E77E17EB970100C73F5D /* Default.png in Resources */ = {isa = PBXBuildFile; fileRef = 5087E77317EB970100C73F5D /* Default.png */; };
		5087E77F17EB970100C73F5D /* Default@2x.png in Resources */ = {isa = PBXBuildFile; fileRef = 5087E77417EB970100C73F5D /* Default@2x.png */; };
		5087E78017EB970100C73F5D /* Icon-114.png in Resources */ = {isa = PBXBuildFile; fileRef = 5087E77517EB970100C73F5D /* Icon-114.png */; };
		5087E78117EB970100C73F5D /* Icon-120.png in Resources */ = {isa = PBXBuildFile; fileRef = 5087E77617EB970100C73F5D /* Icon-120.png */; };
		5087E78217EB970100C73F5D /* Icon-144.png in Resources */ = {isa = PBXBuildFile; fileRef = 5087E77717EB970100C73F5D /* Icon-144.png */; };
		5087E78317EB970100C73F5D /* Icon-152.png in Resources */ = {isa = PBXBuildFile; fileRef = 5087E77817EB970100C73F5D /* Icon-152.png */; };
		5087E78417EB970100C73F5D /* Icon-57.png in Resources */ = {isa = PBXBuildFile; fileRef = 5087E77917EB970100C73F5D /* Icon-57.png */; };
		5087E78517EB970100C73F5D /* Icon-72.png in Resources */ = {isa = PBXBuildFile; fileRef = 5087E77A17EB970100C73F5D /* Icon-72.png */; };
		5087E78617EB970100C73F5D /* Icon-76.png in Resources */ = {isa = PBXBuildFile; fileRef = 5087E77B17EB970100C73F5D /* Icon-76.png */; };
		5087E78917EB974C00C73F5D /* AppKit.framework in Frameworks */ = {isa = PBXBuildFile; fileRef = 5087E78817EB974C00C73F5D /* AppKit.framework */; };
		5087E78B17EB975400C73F5D /* OpenGL.framework in Frameworks */ = {isa = PBXBuildFile; fileRef = 5087E78A17EB975400C73F5D /* OpenGL.framework */; };
		50EF629617ECD46A001EB2F8 /* Icon-40.png in Resources */ = {isa = PBXBuildFile; fileRef = 50EF629217ECD46A001EB2F8 /* Icon-40.png */; };
		50EF629717ECD46A001EB2F8 /* Icon-58.png in Resources */ = {isa = PBXBuildFile; fileRef = 50EF629317ECD46A001EB2F8 /* Icon-58.png */; };
		50EF629817ECD46A001EB2F8 /* Icon-80.png in Resources */ = {isa = PBXBuildFile; fileRef = 50EF629417ECD46A001EB2F8 /* Icon-80.png */; };
		50EF629917ECD46A001EB2F8 /* Icon-100.png in Resources */ = {isa = PBXBuildFile; fileRef = 50EF629517ECD46A001EB2F8 /* Icon-100.png */; };
		50EF62A217ECD613001EB2F8 /* Icon-29.png in Resources */ = {isa = PBXBuildFile; fileRef = 50EF62A017ECD613001EB2F8 /* Icon-29.png */; };
		50EF62A317ECD613001EB2F8 /* Icon-50.png in Resources */ = {isa = PBXBuildFile; fileRef = 50EF62A117ECD613001EB2F8 /* Icon-50.png */; };
		521A8E6419F0C34300D177D7 /* Default-667h@2x.png in Resources */ = {isa = PBXBuildFile; fileRef = 521A8E6219F0C34300D177D7 /* Default-667h@2x.png */; };
		521A8E6519F0C34300D177D7 /* Default-736h@3x.png in Resources */ = {isa = PBXBuildFile; fileRef = 521A8E6319F0C34300D177D7 /* Default-736h@3x.png */; };
		521A8EA919F11F5000D177D7 /* fonts in Resources */ = {isa = PBXBuildFile; fileRef = 521A8EA819F11F5000D177D7 /* fonts */; };
		521A8EAA19F11F5000D177D7 /* fonts in Resources */ = {isa = PBXBuildFile; fileRef = 521A8EA819F11F5000D177D7 /* fonts */; };
		697244CB1A7A44D600D0C3B6 /* MakeMenuState.cpp in Sources */ = {isa = PBXBuildFile; fileRef = 697244C91A7A44D600D0C3B6 /* MakeMenuState.cpp */; };
		697244CE1A7A45A600D0C3B6 /* MakeMenuLayer.cpp in Sources */ = {isa = PBXBuildFile; fileRef = 697244CC1A7A45A600D0C3B6 /* MakeMenuLayer.cpp */; };
		BF171245129291EC00B8313A /* OpenGLES.framework in Frameworks */ = {isa = PBXBuildFile; fileRef = BF170DB012928DE900B8313A /* OpenGLES.framework */; };
		BF1712471292920000B8313A /* libz.dylib in Frameworks */ = {isa = PBXBuildFile; fileRef = BF170DB412928DE900B8313A /* libz.dylib */; };
		BF1C47F01293687400B63C5D /* QuartzCore.framework in Frameworks */ = {isa = PBXBuildFile; fileRef = BF1C47EA1293683800B63C5D /* QuartzCore.framework */; };
		D004B8751A9E071C008CFCEC /* MakeMenuControllerLayer.cpp in Sources */ = {isa = PBXBuildFile; fileRef = D004B8731A9E071C008CFCEC /* MakeMenuControllerLayer.cpp */; };
		D00907481A77C60B00AD6790 /* ModeSelectMenuState.cpp in Sources */ = {isa = PBXBuildFile; fileRef = D00907461A77C60B00AD6790 /* ModeSelectMenuState.cpp */; };
		D009074B1A77C6B400AD6790 /* ModeSelectMenuLayer.cpp in Sources */ = {isa = PBXBuildFile; fileRef = D00907491A77C6B400AD6790 /* ModeSelectMenuLayer.cpp */; };
		D009AD401A9F5B5F0075A5DB /* FieldControllerLayer.cpp in Sources */ = {isa = PBXBuildFile; fileRef = D009AD3E1A9F5B5F0075A5DB /* FieldControllerLayer.cpp */; };
		D009AD431A9F65AC0075A5DB /* Tree.cpp in Sources */ = {isa = PBXBuildFile; fileRef = D009AD411A9F65AC0075A5DB /* Tree.cpp */; };
		D00D9A3C1AA18A6D0023A491 /* OpeningState.cpp in Sources */ = {isa = PBXBuildFile; fileRef = D00D9A3A1AA18A6D0023A491 /* OpeningState.cpp */; };
		D00D9A401AA18C090023A491 /* OpeningLayer.cpp in Sources */ = {isa = PBXBuildFile; fileRef = D00D9A3E1AA18C090023A491 /* OpeningLayer.cpp */; };
		D00D9A431AA1950C0023A491 /* MenuButtonItem.cpp in Sources */ = {isa = PBXBuildFile; fileRef = D00D9A411AA1950C0023A491 /* MenuButtonItem.cpp */; };
		D01DE4C81A6B706600235525 /* libsqlite3.0.dylib in Frameworks */ = {isa = PBXBuildFile; fileRef = D01DE4C71A6B706600235525 /* libsqlite3.0.dylib */; };
		D01DE4CC1A6B70D200235525 /* story in Resources */ = {isa = PBXBuildFile; fileRef = D01DE4CB1A6B70D200235525 /* story */; };
		D020AD741A616A2000BB01A9 /* MessageView.cpp in Sources */ = {isa = PBXBuildFile; fileRef = D020AD721A616A2000BB01A9 /* MessageView.cpp */; };
		D03F07221AA210CB004D6D34 /* TerminalMessageView.cpp in Sources */ = {isa = PBXBuildFile; fileRef = D03F07201AA210CB004D6D34 /* TerminalMessageView.cpp */; };
		D04876161A697B2B0097D6BB /* StoryState.cpp in Sources */ = {isa = PBXBuildFile; fileRef = D04876141A697B2B0097D6BB /* StoryState.cpp */; };
		D04876191A697B880097D6BB /* StoryLayer.cpp in Sources */ = {isa = PBXBuildFile; fileRef = D04876171A697B880097D6BB /* StoryLayer.cpp */; };
		D048D9BC1A4E623500EE9339 /* ControllerLayer.cpp in Sources */ = {isa = PBXBuildFile; fileRef = D048D9BA1A4E623500EE9339 /* ControllerLayer.cpp */; };
		D048D9BE1A4E65CD00EE9339 /* ui in Resources */ = {isa = PBXBuildFile; fileRef = D048D9BD1A4E65CD00EE9339 /* ui */; };
		D07D33AB1A7E024000061831 /* MasterStorageModule.cpp in Sources */ = {isa = PBXBuildFile; fileRef = D07D33A91A7E024000061831 /* MasterStorageModule.cpp */; };
		D07D33B21A7E102200061831 /* UserStorageModule.cpp in Sources */ = {isa = PBXBuildFile; fileRef = D07D33B01A7E102200061831 /* UserStorageModule.cpp */; };
		D083A2A71A4DAB59009A9099 /* FieldLayer.cpp in Sources */ = {isa = PBXBuildFile; fileRef = D083A2A51A4DAB59009A9099 /* FieldLayer.cpp */; };
		D083A2A91A4DAE08009A9099 /* tmx in Resources */ = {isa = PBXBuildFile; fileRef = D083A2A81A4DAE08009A9099 /* tmx */; };
		D083A2AC1A4DB1EF009A9099 /* chara in Resources */ = {isa = PBXBuildFile; fileRef = D083A2AB1A4DB1EF009A9099 /* chara */; };
		D094BFB61A6D3F2500D6C383 /* Direction.cpp in Sources */ = {isa = PBXBuildFile; fileRef = D094BFB41A6D3F2500D6C383 /* Direction.cpp */; };
		D094BFB91A6D3F3800D6C383 /* Story.cpp in Sources */ = {isa = PBXBuildFile; fileRef = D094BFB71A6D3F3800D6C383 /* Story.cpp */; };
		D09C59341A98DF450085B483 /* Dispatcher.cpp in Sources */ = {isa = PBXBuildFile; fileRef = D09C592C1A98DF450085B483 /* Dispatcher.cpp */; };
		D09C59351A98DF450085B483 /* Router.cpp in Sources */ = {isa = PBXBuildFile; fileRef = D09C592E1A98DF450085B483 /* Router.cpp */; };
		D09C59361A98DF450085B483 /* State.cpp in Sources */ = {isa = PBXBuildFile; fileRef = D09C59301A98DF450085B483 /* State.cpp */; };
		D09C59371A98DF450085B483 /* View.cpp in Sources */ = {isa = PBXBuildFile; fileRef = D09C59321A98DF450085B483 /* View.cpp */; };
		D0A505441A6559A2004C2C4E /* json11.cpp in Sources */ = {isa = PBXBuildFile; fileRef = D0A505421A6559A2004C2C4E /* json11.cpp */; };
		D0B25F2A1A7CC1AA00D0D367 /* item in Resources */ = {isa = PBXBuildFile; fileRef = D0B25F291A7CC1AA00D0D367 /* item */; };
		D0BD84191A6FE9F300980989 /* FieldObject.cpp in Sources */ = {isa = PBXBuildFile; fileRef = D0BD84171A6FE9F300980989 /* FieldObject.cpp */; };
		D0BD84251A6FF21000980989 /* MessagePoint.cpp in Sources */ = {isa = PBXBuildFile; fileRef = D0BD84211A6FF21000980989 /* MessagePoint.cpp */; };
		D0BD84261A6FF21000980989 /* MovableRock.cpp in Sources */ = {isa = PBXBuildFile; fileRef = D0BD84231A6FF21000980989 /* MovableRock.cpp */; };
		D0C983E21A6E64DA00761742 /* Template.cpp in Sources */ = {isa = PBXBuildFile; fileRef = D0C983E01A6E64DA00761742 /* Template.cpp */; };
		D0CDF0A71A5AB331009E5E98 /* PlayerView.cpp in Sources */ = {isa = PBXBuildFile; fileRef = D0CDF0A51A5AB331009E5E98 /* PlayerView.cpp */; };
		D0CE85A21AA5C9F20085BCEE /* OpeningMessageView.cpp in Sources */ = {isa = PBXBuildFile; fileRef = D0CE85A01AA5C9F20085BCEE /* OpeningMessageView.cpp */; };
		D0DCF5331A85AAAB003FE946 /* ObjectOperateItem.cpp in Sources */ = {isa = PBXBuildFile; fileRef = D0DCF5311A85AAAB003FE946 /* ObjectOperateItem.cpp */; };
		D0DCF53E1A85F1B1003FE946 /* data in Resources */ = {isa = PBXBuildFile; fileRef = D0DCF53D1A85F1B1003FE946 /* data */; };
		D0E15D011A7839A800E2AB46 /* ItemMenuState.cpp in Sources */ = {isa = PBXBuildFile; fileRef = D0E15CFF1A7839A800E2AB46 /* ItemMenuState.cpp */; };
		D0E15D041A783A6200E2AB46 /* ItemMenuLayer.cpp in Sources */ = {isa = PBXBuildFile; fileRef = D0E15D021A783A6200E2AB46 /* ItemMenuLayer.cpp */; };
		D0E15D071A783B0B00E2AB46 /* Item.cpp in Sources */ = {isa = PBXBuildFile; fileRef = D0E15D051A783B0B00E2AB46 /* Item.cpp */; };
		D0EBE6171A526F7200E36888 /* MenuArrowItem.cpp in Sources */ = {isa = PBXBuildFile; fileRef = D0EBE6151A526F7200E36888 /* MenuArrowItem.cpp */; };
		D0EBE61E1A5275B900E36888 /* FieldState.cpp in Sources */ = {isa = PBXBuildFile; fileRef = D0EBE61C1A5275B900E36888 /* FieldState.cpp */; };
		D0FF46DD1A6242EB005EBDE7 /* MenuDecideItem.cpp in Sources */ = {isa = PBXBuildFile; fileRef = D0FF46DB1A6242EB005EBDE7 /* MenuDecideItem.cpp */; };
		D44C620C132DFF330009C878 /* OpenAL.framework in Frameworks */ = {isa = PBXBuildFile; fileRef = D44C620B132DFF330009C878 /* OpenAL.framework */; };
		D44C620E132DFF430009C878 /* AVFoundation.framework in Frameworks */ = {isa = PBXBuildFile; fileRef = D44C620D132DFF430009C878 /* AVFoundation.framework */; };
		D44C6210132DFF4E0009C878 /* AudioToolbox.framework in Frameworks */ = {isa = PBXBuildFile; fileRef = D44C620F132DFF4E0009C878 /* AudioToolbox.framework */; };
		D6B0611B1803AB670077942B /* CoreMotion.framework in Frameworks */ = {isa = PBXBuildFile; fileRef = D6B0611A1803AB670077942B /* CoreMotion.framework */; };
/* End PBXBuildFile section */

/* Begin PBXContainerItemProxy section */
		1AC6FAF8180E9839004C840B /* PBXContainerItemProxy */ = {
			isa = PBXContainerItemProxy;
			containerPortal = 1AC6FAE5180E9839004C840B /* cocos2d_libs.xcodeproj */;
			proxyType = 2;
			remoteGlobalIDString = 1551A33F158F2AB200E66CFE;
			remoteInfo = "cocos2dx Mac";
		};
		1AC6FB06180E9839004C840B /* PBXContainerItemProxy */ = {
			isa = PBXContainerItemProxy;
			containerPortal = 1AC6FAE5180E9839004C840B /* cocos2d_libs.xcodeproj */;
			proxyType = 2;
			remoteGlobalIDString = A07A4D641783777C0073F6A7;
			remoteInfo = "cocos2dx iOS";
		};
		1AC6FB15180E9959004C840B /* PBXContainerItemProxy */ = {
			isa = PBXContainerItemProxy;
			containerPortal = 1AC6FAE5180E9839004C840B /* cocos2d_libs.xcodeproj */;
			proxyType = 1;
			remoteGlobalIDString = 1551A33E158F2AB200E66CFE;
			remoteInfo = "cocos2dx Mac";
		};
		1AC6FB24180E99E1004C840B /* PBXContainerItemProxy */ = {
			isa = PBXContainerItemProxy;
			containerPortal = 1AC6FAE5180E9839004C840B /* cocos2d_libs.xcodeproj */;
			proxyType = 1;
			remoteGlobalIDString = A07A4C241783777C0073F6A7;
			remoteInfo = "cocos2dx iOS";
		};
/* End PBXContainerItemProxy section */

/* Begin PBXFileReference section */
		1AC6FAE5180E9839004C840B /* cocos2d_libs.xcodeproj */ = {isa = PBXFileReference; lastKnownFileType = "wrapper.pb-project"; name = cocos2d_libs.xcodeproj; path = ../cocos2d/build/cocos2d_libs.xcodeproj; sourceTree = "<group>"; };
		1ACB3243164770DE00914215 /* libcurl.a */ = {isa = PBXFileReference; lastKnownFileType = archive.ar; name = libcurl.a; path = ../../cocos2dx/platform/third_party/ios/libraries/libcurl.a; sourceTree = "<group>"; };
		1D30AB110D05D00D00671497 /* Foundation.framework */ = {isa = PBXFileReference; lastKnownFileType = wrapper.framework; name = Foundation.framework; path = System/Library/Frameworks/Foundation.framework; sourceTree = SDKROOT; };
		1D6058910D05DD3D006BFB54 /* solno iOS.app */ = {isa = PBXFileReference; explicitFileType = wrapper.application; includeInIndex = 0; path = "solno iOS.app"; sourceTree = BUILT_PRODUCTS_DIR; };
		1DF5F4DF0D08C38300B7A737 /* UIKit.framework */ = {isa = PBXFileReference; lastKnownFileType = wrapper.framework; name = UIKit.framework; path = System/Library/Frameworks/UIKit.framework; sourceTree = SDKROOT; };
		288765A40DF7441C002DB57D /* CoreGraphics.framework */ = {isa = PBXFileReference; lastKnownFileType = wrapper.framework; name = CoreGraphics.framework; path = System/Library/Frameworks/CoreGraphics.framework; sourceTree = SDKROOT; };
		3EACC98E19EE6D4300EB3C5E /* res */ = {isa = PBXFileReference; lastKnownFileType = folder; path = res; sourceTree = "<group>"; };
		46880B7619C43A67006E1F66 /* CloseNormal.png */ = {isa = PBXFileReference; lastKnownFileType = image.png; path = CloseNormal.png; sourceTree = "<group>"; };
		46880B7719C43A67006E1F66 /* CloseSelected.png */ = {isa = PBXFileReference; lastKnownFileType = image.png; path = CloseSelected.png; sourceTree = "<group>"; };
		46880B7A19C43A67006E1F66 /* HelloWorld.png */ = {isa = PBXFileReference; lastKnownFileType = image.png; path = HelloWorld.png; sourceTree = "<group>"; };
		46880B8419C43A87006E1F66 /* AppDelegate.cpp */ = {isa = PBXFileReference; fileEncoding = 4; lastKnownFileType = sourcecode.cpp.cpp; path = AppDelegate.cpp; sourceTree = "<group>"; };
		46880B8519C43A87006E1F66 /* AppDelegate.h */ = {isa = PBXFileReference; fileEncoding = 4; lastKnownFileType = sourcecode.c.h; path = AppDelegate.h; sourceTree = "<group>"; };
		503AE0F617EB97AB00D1A890 /* Icon.icns */ = {isa = PBXFileReference; lastKnownFileType = image.icns; path = Icon.icns; sourceTree = "<group>"; };
		503AE0F717EB97AB00D1A890 /* Info.plist */ = {isa = PBXFileReference; fileEncoding = 4; lastKnownFileType = text.plist.xml; path = Info.plist; sourceTree = "<group>"; };
		503AE0FA17EB989F00D1A890 /* AppController.h */ = {isa = PBXFileReference; fileEncoding = 4; lastKnownFileType = sourcecode.c.h; name = AppController.h; path = ios/AppController.h; sourceTree = SOURCE_ROOT; };
		503AE0FB17EB989F00D1A890 /* AppController.mm */ = {isa = PBXFileReference; fileEncoding = 4; lastKnownFileType = sourcecode.cpp.objcpp; name = AppController.mm; path = ios/AppController.mm; sourceTree = SOURCE_ROOT; };
		503AE0FC17EB989F00D1A890 /* main.m */ = {isa = PBXFileReference; fileEncoding = 4; lastKnownFileType = sourcecode.c.objc; name = main.m; path = ios/main.m; sourceTree = SOURCE_ROOT; };
		503AE0FD17EB989F00D1A890 /* Prefix.pch */ = {isa = PBXFileReference; fileEncoding = 4; lastKnownFileType = sourcecode.c.h; name = Prefix.pch; path = ios/Prefix.pch; sourceTree = SOURCE_ROOT; };
		503AE0FE17EB989F00D1A890 /* RootViewController.h */ = {isa = PBXFileReference; fileEncoding = 4; lastKnownFileType = sourcecode.c.h; name = RootViewController.h; path = ios/RootViewController.h; sourceTree = SOURCE_ROOT; };
		503AE0FF17EB989F00D1A890 /* RootViewController.mm */ = {isa = PBXFileReference; fileEncoding = 4; lastKnownFileType = sourcecode.cpp.objcpp; name = RootViewController.mm; path = ios/RootViewController.mm; sourceTree = SOURCE_ROOT; };
		503AE10317EB98FF00D1A890 /* main.cpp */ = {isa = PBXFileReference; fileEncoding = 4; lastKnownFileType = sourcecode.cpp.cpp; name = main.cpp; path = mac/main.cpp; sourceTree = "<group>"; };
		503AE10417EB98FF00D1A890 /* Prefix.pch */ = {isa = PBXFileReference; fileEncoding = 4; lastKnownFileType = sourcecode.c.h; name = Prefix.pch; path = mac/Prefix.pch; sourceTree = "<group>"; };
		503AE11117EB99EE00D1A890 /* libcurl.dylib */ = {isa = PBXFileReference; lastKnownFileType = "compiled.mach-o.dylib"; name = libcurl.dylib; path = usr/lib/libcurl.dylib; sourceTree = SDKROOT; };
		503AE11A17EB9C5A00D1A890 /* IOKit.framework */ = {isa = PBXFileReference; lastKnownFileType = wrapper.framework; name = IOKit.framework; path = System/Library/Frameworks/IOKit.framework; sourceTree = SDKROOT; };
		5087E76F17EB910900C73F5D /* solno Mac.app */ = {isa = PBXFileReference; explicitFileType = wrapper.application; includeInIndex = 0; path = "solno Mac.app"; sourceTree = BUILT_PRODUCTS_DIR; };
		5087E77217EB970100C73F5D /* Default-568h@2x.png */ = {isa = PBXFileReference; lastKnownFileType = image.png; path = "Default-568h@2x.png"; sourceTree = "<group>"; };
		5087E77317EB970100C73F5D /* Default.png */ = {isa = PBXFileReference; lastKnownFileType = image.png; path = Default.png; sourceTree = "<group>"; };
		5087E77417EB970100C73F5D /* Default@2x.png */ = {isa = PBXFileReference; lastKnownFileType = image.png; path = "Default@2x.png"; sourceTree = "<group>"; };
		5087E77517EB970100C73F5D /* Icon-114.png */ = {isa = PBXFileReference; lastKnownFileType = image.png; path = "Icon-114.png"; sourceTree = "<group>"; };
		5087E77617EB970100C73F5D /* Icon-120.png */ = {isa = PBXFileReference; lastKnownFileType = image.png; path = "Icon-120.png"; sourceTree = "<group>"; };
		5087E77717EB970100C73F5D /* Icon-144.png */ = {isa = PBXFileReference; lastKnownFileType = image.png; path = "Icon-144.png"; sourceTree = "<group>"; };
		5087E77817EB970100C73F5D /* Icon-152.png */ = {isa = PBXFileReference; lastKnownFileType = image.png; path = "Icon-152.png"; sourceTree = "<group>"; };
		5087E77917EB970100C73F5D /* Icon-57.png */ = {isa = PBXFileReference; lastKnownFileType = image.png; path = "Icon-57.png"; sourceTree = "<group>"; };
		5087E77A17EB970100C73F5D /* Icon-72.png */ = {isa = PBXFileReference; lastKnownFileType = image.png; path = "Icon-72.png"; sourceTree = "<group>"; };
		5087E77B17EB970100C73F5D /* Icon-76.png */ = {isa = PBXFileReference; lastKnownFileType = image.png; path = "Icon-76.png"; sourceTree = "<group>"; };
		5087E77C17EB970100C73F5D /* Info.plist */ = {isa = PBXFileReference; fileEncoding = 4; lastKnownFileType = text.plist.xml; path = Info.plist; sourceTree = "<group>"; };
		5087E78817EB974C00C73F5D /* AppKit.framework */ = {isa = PBXFileReference; lastKnownFileType = wrapper.framework; name = AppKit.framework; path = System/Library/Frameworks/AppKit.framework; sourceTree = SDKROOT; };
		5087E78A17EB975400C73F5D /* OpenGL.framework */ = {isa = PBXFileReference; lastKnownFileType = wrapper.framework; name = OpenGL.framework; path = System/Library/Frameworks/OpenGL.framework; sourceTree = SDKROOT; };
		50EF629217ECD46A001EB2F8 /* Icon-40.png */ = {isa = PBXFileReference; lastKnownFileType = image.png; path = "Icon-40.png"; sourceTree = "<group>"; };
		50EF629317ECD46A001EB2F8 /* Icon-58.png */ = {isa = PBXFileReference; lastKnownFileType = image.png; path = "Icon-58.png"; sourceTree = "<group>"; };
		50EF629417ECD46A001EB2F8 /* Icon-80.png */ = {isa = PBXFileReference; lastKnownFileType = image.png; path = "Icon-80.png"; sourceTree = "<group>"; };
		50EF629517ECD46A001EB2F8 /* Icon-100.png */ = {isa = PBXFileReference; lastKnownFileType = image.png; path = "Icon-100.png"; sourceTree = "<group>"; };
		50EF62A017ECD613001EB2F8 /* Icon-29.png */ = {isa = PBXFileReference; lastKnownFileType = image.png; path = "Icon-29.png"; sourceTree = "<group>"; };
		50EF62A117ECD613001EB2F8 /* Icon-50.png */ = {isa = PBXFileReference; lastKnownFileType = image.png; path = "Icon-50.png"; sourceTree = "<group>"; };
		521A8E6219F0C34300D177D7 /* Default-667h@2x.png */ = {isa = PBXFileReference; lastKnownFileType = image.png; path = "Default-667h@2x.png"; sourceTree = "<group>"; };
		521A8E6319F0C34300D177D7 /* Default-736h@3x.png */ = {isa = PBXFileReference; lastKnownFileType = image.png; path = "Default-736h@3x.png"; sourceTree = "<group>"; };
		521A8EA819F11F5000D177D7 /* fonts */ = {isa = PBXFileReference; lastKnownFileType = folder; path = fonts; sourceTree = "<group>"; };
		697244C91A7A44D600D0C3B6 /* MakeMenuState.cpp */ = {isa = PBXFileReference; fileEncoding = 4; lastKnownFileType = sourcecode.cpp.cpp; name = MakeMenuState.cpp; path = State/MakeMenuState.cpp; sourceTree = "<group>"; };
		697244CA1A7A44D600D0C3B6 /* MakeMenuState.h */ = {isa = PBXFileReference; fileEncoding = 4; lastKnownFileType = sourcecode.c.h; name = MakeMenuState.h; path = State/MakeMenuState.h; sourceTree = "<group>"; };
		697244CC1A7A45A600D0C3B6 /* MakeMenuLayer.cpp */ = {isa = PBXFileReference; fileEncoding = 4; lastKnownFileType = sourcecode.cpp.cpp; name = MakeMenuLayer.cpp; path = Layer/MakeMenuLayer.cpp; sourceTree = "<group>"; };
		697244CD1A7A45A600D0C3B6 /* MakeMenuLayer.h */ = {isa = PBXFileReference; fileEncoding = 4; lastKnownFileType = sourcecode.c.h; name = MakeMenuLayer.h; path = Layer/MakeMenuLayer.h; sourceTree = "<group>"; };
		BF170DB012928DE900B8313A /* OpenGLES.framework */ = {isa = PBXFileReference; lastKnownFileType = wrapper.framework; name = OpenGLES.framework; path = System/Library/Frameworks/OpenGLES.framework; sourceTree = SDKROOT; };
		BF170DB412928DE900B8313A /* libz.dylib */ = {isa = PBXFileReference; lastKnownFileType = "compiled.mach-o.dylib"; name = libz.dylib; path = usr/lib/libz.dylib; sourceTree = SDKROOT; };
		BF1C47EA1293683800B63C5D /* QuartzCore.framework */ = {isa = PBXFileReference; lastKnownFileType = wrapper.framework; name = QuartzCore.framework; path = System/Library/Frameworks/QuartzCore.framework; sourceTree = SDKROOT; };
		D004B8731A9E071C008CFCEC /* MakeMenuControllerLayer.cpp */ = {isa = PBXFileReference; fileEncoding = 4; lastKnownFileType = sourcecode.cpp.cpp; name = MakeMenuControllerLayer.cpp; path = Layer/MakeMenuControllerLayer.cpp; sourceTree = "<group>"; };
		D004B8741A9E071C008CFCEC /* MakeMenuControllerLayer.h */ = {isa = PBXFileReference; fileEncoding = 4; lastKnownFileType = sourcecode.c.h; name = MakeMenuControllerLayer.h; path = Layer/MakeMenuControllerLayer.h; sourceTree = "<group>"; };
		D00907461A77C60B00AD6790 /* ModeSelectMenuState.cpp */ = {isa = PBXFileReference; fileEncoding = 4; lastKnownFileType = sourcecode.cpp.cpp; name = ModeSelectMenuState.cpp; path = State/ModeSelectMenuState.cpp; sourceTree = "<group>"; };
		D00907471A77C60B00AD6790 /* ModeSelectMenuState.h */ = {isa = PBXFileReference; fileEncoding = 4; lastKnownFileType = sourcecode.c.h; name = ModeSelectMenuState.h; path = State/ModeSelectMenuState.h; sourceTree = "<group>"; };
		D00907491A77C6B400AD6790 /* ModeSelectMenuLayer.cpp */ = {isa = PBXFileReference; fileEncoding = 4; lastKnownFileType = sourcecode.cpp.cpp; name = ModeSelectMenuLayer.cpp; path = Layer/ModeSelectMenuLayer.cpp; sourceTree = "<group>"; };
		D009074A1A77C6B400AD6790 /* ModeSelectMenuLayer.h */ = {isa = PBXFileReference; fileEncoding = 4; lastKnownFileType = sourcecode.c.h; name = ModeSelectMenuLayer.h; path = Layer/ModeSelectMenuLayer.h; sourceTree = "<group>"; };
		D009AD3E1A9F5B5F0075A5DB /* FieldControllerLayer.cpp */ = {isa = PBXFileReference; fileEncoding = 4; lastKnownFileType = sourcecode.cpp.cpp; name = FieldControllerLayer.cpp; path = Layer/FieldControllerLayer.cpp; sourceTree = "<group>"; };
		D009AD3F1A9F5B5F0075A5DB /* FieldControllerLayer.h */ = {isa = PBXFileReference; fileEncoding = 4; lastKnownFileType = sourcecode.c.h; name = FieldControllerLayer.h; path = Layer/FieldControllerLayer.h; sourceTree = "<group>"; };
		D009AD411A9F65AC0075A5DB /* Tree.cpp */ = {isa = PBXFileReference; fileEncoding = 4; lastKnownFileType = sourcecode.cpp.cpp; name = Tree.cpp; path = Model/FieldObject/Tree.cpp; sourceTree = "<group>"; };
		D009AD421A9F65AC0075A5DB /* Tree.h */ = {isa = PBXFileReference; fileEncoding = 4; lastKnownFileType = sourcecode.c.h; name = Tree.h; path = Model/FieldObject/Tree.h; sourceTree = "<group>"; };
		D00D9A3A1AA18A6D0023A491 /* OpeningState.cpp */ = {isa = PBXFileReference; fileEncoding = 4; lastKnownFileType = sourcecode.cpp.cpp; name = OpeningState.cpp; path = State/OpeningState.cpp; sourceTree = "<group>"; };
		D00D9A3B1AA18A6D0023A491 /* OpeningState.h */ = {isa = PBXFileReference; fileEncoding = 4; lastKnownFileType = sourcecode.c.h; name = OpeningState.h; path = State/OpeningState.h; sourceTree = "<group>"; };
		D00D9A3E1AA18C090023A491 /* OpeningLayer.cpp */ = {isa = PBXFileReference; fileEncoding = 4; lastKnownFileType = sourcecode.cpp.cpp; name = OpeningLayer.cpp; path = Layer/OpeningLayer.cpp; sourceTree = "<group>"; };
		D00D9A3F1AA18C090023A491 /* OpeningLayer.h */ = {isa = PBXFileReference; fileEncoding = 4; lastKnownFileType = sourcecode.c.h; name = OpeningLayer.h; path = Layer/OpeningLayer.h; sourceTree = "<group>"; };
		D00D9A411AA1950C0023A491 /* MenuButtonItem.cpp */ = {isa = PBXFileReference; fileEncoding = 4; lastKnownFileType = sourcecode.cpp.cpp; name = MenuButtonItem.cpp; path = Layer/Widget/MenuButtonItem.cpp; sourceTree = "<group>"; };
		D00D9A421AA1950C0023A491 /* MenuButtonItem.h */ = {isa = PBXFileReference; fileEncoding = 4; lastKnownFileType = sourcecode.c.h; name = MenuButtonItem.h; path = Layer/Widget/MenuButtonItem.h; sourceTree = "<group>"; };
		D01DE4C71A6B706600235525 /* libsqlite3.0.dylib */ = {isa = PBXFileReference; lastKnownFileType = "compiled.mach-o.dylib"; name = libsqlite3.0.dylib; path = Platforms/iPhoneOS.platform/Developer/SDKs/iPhoneOS8.1.sdk/usr/lib/libsqlite3.0.dylib; sourceTree = DEVELOPER_DIR; };
		D01DE4CB1A6B70D200235525 /* story */ = {isa = PBXFileReference; lastKnownFileType = folder; path = story; sourceTree = "<group>"; };
		D01EDEAA1AAAE28300522A70 /* Opening.h */ = {isa = PBXFileReference; fileEncoding = 4; lastKnownFileType = sourcecode.c.h; name = Opening.h; path = Model/Opening.h; sourceTree = "<group>"; };
		D020AD721A616A2000BB01A9 /* MessageView.cpp */ = {isa = PBXFileReference; fileEncoding = 4; lastKnownFileType = sourcecode.cpp.cpp; name = MessageView.cpp; path = Layer/Component/MessageView.cpp; sourceTree = "<group>"; };
		D020AD731A616A2000BB01A9 /* MessageView.h */ = {isa = PBXFileReference; fileEncoding = 4; lastKnownFileType = sourcecode.c.h; name = MessageView.h; path = Layer/Component/MessageView.h; sourceTree = "<group>"; };
		D03F07201AA210CB004D6D34 /* TerminalMessageView.cpp */ = {isa = PBXFileReference; fileEncoding = 4; lastKnownFileType = sourcecode.cpp.cpp; name = TerminalMessageView.cpp; path = Layer/TerminalMessageView.cpp; sourceTree = "<group>"; };
		D03F07211AA210CB004D6D34 /* TerminalMessageView.h */ = {isa = PBXFileReference; fileEncoding = 4; lastKnownFileType = sourcecode.c.h; name = TerminalMessageView.h; path = Layer/TerminalMessageView.h; sourceTree = "<group>"; };
		D04876141A697B2B0097D6BB /* StoryState.cpp */ = {isa = PBXFileReference; fileEncoding = 4; lastKnownFileType = sourcecode.cpp.cpp; name = StoryState.cpp; path = State/StoryState.cpp; sourceTree = "<group>"; };
		D04876151A697B2B0097D6BB /* StoryState.h */ = {isa = PBXFileReference; fileEncoding = 4; lastKnownFileType = sourcecode.c.h; name = StoryState.h; path = State/StoryState.h; sourceTree = "<group>"; };
		D04876171A697B880097D6BB /* StoryLayer.cpp */ = {isa = PBXFileReference; fileEncoding = 4; lastKnownFileType = sourcecode.cpp.cpp; name = StoryLayer.cpp; path = Layer/StoryLayer.cpp; sourceTree = "<group>"; };
		D04876181A697B880097D6BB /* StoryLayer.h */ = {isa = PBXFileReference; fileEncoding = 4; lastKnownFileType = sourcecode.c.h; name = StoryLayer.h; path = Layer/StoryLayer.h; sourceTree = "<group>"; };
		D048D9BA1A4E623500EE9339 /* ControllerLayer.cpp */ = {isa = PBXFileReference; fileEncoding = 4; lastKnownFileType = sourcecode.cpp.cpp; name = ControllerLayer.cpp; path = Layer/ControllerLayer.cpp; sourceTree = "<group>"; };
		D048D9BB1A4E623500EE9339 /* ControllerLayer.h */ = {isa = PBXFileReference; fileEncoding = 4; lastKnownFileType = sourcecode.c.h; name = ControllerLayer.h; path = Layer/ControllerLayer.h; sourceTree = "<group>"; };
		D048D9BD1A4E65CD00EE9339 /* ui */ = {isa = PBXFileReference; lastKnownFileType = folder; path = ui; sourceTree = "<group>"; };
		D07D33A91A7E024000061831 /* MasterStorageModule.cpp */ = {isa = PBXFileReference; fileEncoding = 4; lastKnownFileType = sourcecode.cpp.cpp; name = MasterStorageModule.cpp; path = Module/MasterStorageModule.cpp; sourceTree = "<group>"; };
		D07D33AA1A7E024000061831 /* MasterStorageModule.h */ = {isa = PBXFileReference; fileEncoding = 4; lastKnownFileType = sourcecode.c.h; name = MasterStorageModule.h; path = Module/MasterStorageModule.h; sourceTree = "<group>"; };
		D07D33B01A7E102200061831 /* UserStorageModule.cpp */ = {isa = PBXFileReference; fileEncoding = 4; lastKnownFileType = sourcecode.cpp.cpp; name = UserStorageModule.cpp; path = Module/UserStorageModule.cpp; sourceTree = "<group>"; };
		D07D33B11A7E102200061831 /* UserStorageModule.h */ = {isa = PBXFileReference; fileEncoding = 4; lastKnownFileType = sourcecode.c.h; name = UserStorageModule.h; path = Module/UserStorageModule.h; sourceTree = "<group>"; };
		D083A2A51A4DAB59009A9099 /* FieldLayer.cpp */ = {isa = PBXFileReference; fileEncoding = 4; lastKnownFileType = sourcecode.cpp.cpp; name = FieldLayer.cpp; path = Layer/FieldLayer.cpp; sourceTree = "<group>"; };
		D083A2A61A4DAB59009A9099 /* FieldLayer.h */ = {isa = PBXFileReference; fileEncoding = 4; lastKnownFileType = sourcecode.c.h; name = FieldLayer.h; path = Layer/FieldLayer.h; sourceTree = "<group>"; };
		D083A2A81A4DAE08009A9099 /* tmx */ = {isa = PBXFileReference; lastKnownFileType = folder; path = tmx; sourceTree = "<group>"; };
		D083A2AB1A4DB1EF009A9099 /* chara */ = {isa = PBXFileReference; lastKnownFileType = folder; path = chara; sourceTree = "<group>"; };
		D094BFB41A6D3F2500D6C383 /* Direction.cpp */ = {isa = PBXFileReference; fileEncoding = 4; lastKnownFileType = sourcecode.cpp.cpp; name = Direction.cpp; path = Model/Direction.cpp; sourceTree = "<group>"; };
		D094BFB51A6D3F2500D6C383 /* Direction.h */ = {isa = PBXFileReference; fileEncoding = 4; lastKnownFileType = sourcecode.c.h; name = Direction.h; path = Model/Direction.h; sourceTree = "<group>"; };
		D094BFB71A6D3F3800D6C383 /* Story.cpp */ = {isa = PBXFileReference; fileEncoding = 4; lastKnownFileType = sourcecode.cpp.cpp; name = Story.cpp; path = Model/Story.cpp; sourceTree = "<group>"; };
		D094BFB81A6D3F3800D6C383 /* Story.h */ = {isa = PBXFileReference; fileEncoding = 4; lastKnownFileType = sourcecode.c.h; name = Story.h; path = Model/Story.h; sourceTree = "<group>"; };
		D09C592C1A98DF450085B483 /* Dispatcher.cpp */ = {isa = PBXFileReference; fileEncoding = 4; lastKnownFileType = sourcecode.cpp.cpp; name = Dispatcher.cpp; path = Library/raciela/src/Dispatcher.cpp; sourceTree = "<group>"; };
		D09C592D1A98DF450085B483 /* Dispatcher.h */ = {isa = PBXFileReference; fileEncoding = 4; lastKnownFileType = sourcecode.c.h; name = Dispatcher.h; path = Library/raciela/src/Dispatcher.h; sourceTree = "<group>"; };
		D09C592E1A98DF450085B483 /* Router.cpp */ = {isa = PBXFileReference; fileEncoding = 4; lastKnownFileType = sourcecode.cpp.cpp; name = Router.cpp; path = Library/raciela/src/Router.cpp; sourceTree = "<group>"; };
		D09C592F1A98DF450085B483 /* Router.h */ = {isa = PBXFileReference; fileEncoding = 4; lastKnownFileType = sourcecode.c.h; name = Router.h; path = Library/raciela/src/Router.h; sourceTree = "<group>"; };
		D09C59301A98DF450085B483 /* State.cpp */ = {isa = PBXFileReference; fileEncoding = 4; lastKnownFileType = sourcecode.cpp.cpp; name = State.cpp; path = Library/raciela/src/State.cpp; sourceTree = "<group>"; };
		D09C59311A98DF450085B483 /* State.h */ = {isa = PBXFileReference; fileEncoding = 4; lastKnownFileType = sourcecode.c.h; name = State.h; path = Library/raciela/src/State.h; sourceTree = "<group>"; };
		D09C59321A98DF450085B483 /* View.cpp */ = {isa = PBXFileReference; fileEncoding = 4; lastKnownFileType = sourcecode.cpp.cpp; name = View.cpp; path = Library/raciela/src/View.cpp; sourceTree = "<group>"; };
		D09C59331A98DF450085B483 /* View.h */ = {isa = PBXFileReference; fileEncoding = 4; lastKnownFileType = sourcecode.c.h; name = View.h; path = Library/raciela/src/View.h; sourceTree = "<group>"; };
		D0A505421A6559A2004C2C4E /* json11.cpp */ = {isa = PBXFileReference; fileEncoding = 4; lastKnownFileType = sourcecode.cpp.cpp; name = json11.cpp; path = Library/json11.cpp; sourceTree = "<group>"; };
		D0A505431A6559A2004C2C4E /* json11.hpp */ = {isa = PBXFileReference; fileEncoding = 4; lastKnownFileType = sourcecode.cpp.h; name = json11.hpp; path = Library/json11.hpp; sourceTree = "<group>"; };
		D0B25F291A7CC1AA00D0D367 /* item */ = {isa = PBXFileReference; lastKnownFileType = folder; path = item; sourceTree = "<group>"; };
		D0BD84171A6FE9F300980989 /* FieldObject.cpp */ = {isa = PBXFileReference; fileEncoding = 4; lastKnownFileType = sourcecode.cpp.cpp; name = FieldObject.cpp; path = Model/FieldObject.cpp; sourceTree = "<group>"; };
		D0BD84181A6FE9F300980989 /* FieldObject.h */ = {isa = PBXFileReference; fileEncoding = 4; lastKnownFileType = sourcecode.c.h; name = FieldObject.h; path = Model/FieldObject.h; sourceTree = "<group>"; };
		D0BD84211A6FF21000980989 /* MessagePoint.cpp */ = {isa = PBXFileReference; fileEncoding = 4; lastKnownFileType = sourcecode.cpp.cpp; name = MessagePoint.cpp; path = Model/FieldObject/MessagePoint.cpp; sourceTree = "<group>"; };
		D0BD84221A6FF21000980989 /* MessagePoint.h */ = {isa = PBXFileReference; fileEncoding = 4; lastKnownFileType = sourcecode.c.h; name = MessagePoint.h; path = Model/FieldObject/MessagePoint.h; sourceTree = "<group>"; };
		D0BD84231A6FF21000980989 /* MovableRock.cpp */ = {isa = PBXFileReference; fileEncoding = 4; lastKnownFileType = sourcecode.cpp.cpp; name = MovableRock.cpp; path = Model/FieldObject/MovableRock.cpp; sourceTree = "<group>"; };
		D0BD84241A6FF21000980989 /* MovableRock.h */ = {isa = PBXFileReference; fileEncoding = 4; lastKnownFileType = sourcecode.c.h; name = MovableRock.h; path = Model/FieldObject/MovableRock.h; sourceTree = "<group>"; };
		D0C983E01A6E64DA00761742 /* Template.cpp */ = {isa = PBXFileReference; fileEncoding = 4; lastKnownFileType = sourcecode.cpp.cpp; name = Template.cpp; path = Model/Template.cpp; sourceTree = "<group>"; };
		D0C983E11A6E64DA00761742 /* Template.h */ = {isa = PBXFileReference; fileEncoding = 4; lastKnownFileType = sourcecode.c.h; name = Template.h; path = Model/Template.h; sourceTree = "<group>"; };
		D0CDF0A51A5AB331009E5E98 /* PlayerView.cpp */ = {isa = PBXFileReference; fileEncoding = 4; lastKnownFileType = sourcecode.cpp.cpp; name = PlayerView.cpp; path = Layer/Component/PlayerView.cpp; sourceTree = "<group>"; };
		D0CDF0A61A5AB331009E5E98 /* PlayerView.h */ = {isa = PBXFileReference; fileEncoding = 4; lastKnownFileType = sourcecode.c.h; name = PlayerView.h; path = Layer/Component/PlayerView.h; sourceTree = "<group>"; };
		D0CE85A01AA5C9F20085BCEE /* OpeningMessageView.cpp */ = {isa = PBXFileReference; fileEncoding = 4; lastKnownFileType = sourcecode.cpp.cpp; name = OpeningMessageView.cpp; path = Layer/OpeningMessageView.cpp; sourceTree = "<group>"; };
		D0CE85A11AA5C9F20085BCEE /* OpeningMessageView.h */ = {isa = PBXFileReference; fileEncoding = 4; lastKnownFileType = sourcecode.c.h; name = OpeningMessageView.h; path = Layer/OpeningMessageView.h; sourceTree = "<group>"; };
		D0DCF5311A85AAAB003FE946 /* ObjectOperateItem.cpp */ = {isa = PBXFileReference; fileEncoding = 4; lastKnownFileType = sourcecode.cpp.cpp; name = ObjectOperateItem.cpp; path = Model/Item/ObjectOperateItem.cpp; sourceTree = "<group>"; };
		D0DCF5321A85AAAB003FE946 /* ObjectOperateItem.h */ = {isa = PBXFileReference; fileEncoding = 4; lastKnownFileType = sourcecode.c.h; name = ObjectOperateItem.h; path = Model/Item/ObjectOperateItem.h; sourceTree = "<group>"; };
		D0DCF53D1A85F1B1003FE946 /* data */ = {isa = PBXFileReference; lastKnownFileType = folder; path = data; sourceTree = "<group>"; };
		D0E15CFF1A7839A800E2AB46 /* ItemMenuState.cpp */ = {isa = PBXFileReference; fileEncoding = 4; lastKnownFileType = sourcecode.cpp.cpp; name = ItemMenuState.cpp; path = State/ItemMenuState.cpp; sourceTree = "<group>"; };
		D0E15D001A7839A800E2AB46 /* ItemMenuState.h */ = {isa = PBXFileReference; fileEncoding = 4; lastKnownFileType = sourcecode.c.h; name = ItemMenuState.h; path = State/ItemMenuState.h; sourceTree = "<group>"; };
		D0E15D021A783A6200E2AB46 /* ItemMenuLayer.cpp */ = {isa = PBXFileReference; fileEncoding = 4; lastKnownFileType = sourcecode.cpp.cpp; name = ItemMenuLayer.cpp; path = Layer/ItemMenuLayer.cpp; sourceTree = "<group>"; };
		D0E15D031A783A6200E2AB46 /* ItemMenuLayer.h */ = {isa = PBXFileReference; fileEncoding = 4; lastKnownFileType = sourcecode.c.h; name = ItemMenuLayer.h; path = Layer/ItemMenuLayer.h; sourceTree = "<group>"; };
		D0E15D051A783B0B00E2AB46 /* Item.cpp */ = {isa = PBXFileReference; fileEncoding = 4; lastKnownFileType = sourcecode.cpp.cpp; name = Item.cpp; path = Model/Item.cpp; sourceTree = "<group>"; };
		D0E15D061A783B0B00E2AB46 /* Item.h */ = {isa = PBXFileReference; fileEncoding = 4; lastKnownFileType = sourcecode.c.h; name = Item.h; path = Model/Item.h; sourceTree = "<group>"; };
		D0EBE6151A526F7200E36888 /* MenuArrowItem.cpp */ = {isa = PBXFileReference; fileEncoding = 4; lastKnownFileType = sourcecode.cpp.cpp; name = MenuArrowItem.cpp; path = Layer/Widget/MenuArrowItem.cpp; sourceTree = "<group>"; };
		D0EBE6161A526F7200E36888 /* MenuArrowItem.h */ = {isa = PBXFileReference; fileEncoding = 4; lastKnownFileType = sourcecode.c.h; name = MenuArrowItem.h; path = Layer/Widget/MenuArrowItem.h; sourceTree = "<group>"; };
		D0EBE61C1A5275B900E36888 /* FieldState.cpp */ = {isa = PBXFileReference; fileEncoding = 4; lastKnownFileType = sourcecode.cpp.cpp; name = FieldState.cpp; path = State/FieldState.cpp; sourceTree = "<group>"; };
		D0EBE61D1A5275B900E36888 /* FieldState.h */ = {isa = PBXFileReference; fileEncoding = 4; lastKnownFileType = sourcecode.c.h; name = FieldState.h; path = State/FieldState.h; sourceTree = "<group>"; };
		D0FF46DB1A6242EB005EBDE7 /* MenuDecideItem.cpp */ = {isa = PBXFileReference; fileEncoding = 4; lastKnownFileType = sourcecode.cpp.cpp; name = MenuDecideItem.cpp; path = Layer/Widget/MenuDecideItem.cpp; sourceTree = "<group>"; };
		D0FF46DC1A6242EB005EBDE7 /* MenuDecideItem.h */ = {isa = PBXFileReference; fileEncoding = 4; lastKnownFileType = sourcecode.c.h; name = MenuDecideItem.h; path = Layer/Widget/MenuDecideItem.h; sourceTree = "<group>"; };
		D44C620B132DFF330009C878 /* OpenAL.framework */ = {isa = PBXFileReference; lastKnownFileType = wrapper.framework; name = OpenAL.framework; path = System/Library/Frameworks/OpenAL.framework; sourceTree = SDKROOT; };
		D44C620D132DFF430009C878 /* AVFoundation.framework */ = {isa = PBXFileReference; lastKnownFileType = wrapper.framework; name = AVFoundation.framework; path = System/Library/Frameworks/AVFoundation.framework; sourceTree = SDKROOT; };
		D44C620F132DFF4E0009C878 /* AudioToolbox.framework */ = {isa = PBXFileReference; lastKnownFileType = wrapper.framework; name = AudioToolbox.framework; path = System/Library/Frameworks/AudioToolbox.framework; sourceTree = SDKROOT; };
		D6B0611A1803AB670077942B /* CoreMotion.framework */ = {isa = PBXFileReference; lastKnownFileType = wrapper.framework; name = CoreMotion.framework; path = Platforms/iPhoneOS.platform/Developer/SDKs/iPhoneOS7.0.sdk/System/Library/Frameworks/CoreMotion.framework; sourceTree = DEVELOPER_DIR; };
/* End PBXFileReference section */

/* Begin PBXFrameworksBuildPhase section */
		1D60588F0D05DD3D006BFB54 /* Frameworks */ = {
			isa = PBXFrameworksBuildPhase;
			buildActionMask = 2147483647;
			files = (
				D01DE4C81A6B706600235525 /* libsqlite3.0.dylib in Frameworks */,
				1AC6FB30180E99EB004C840B /* libcocos2d iOS.a in Frameworks */,
				D6B0611B1803AB670077942B /* CoreMotion.framework in Frameworks */,
				1D60589F0D05DD5A006BFB54 /* Foundation.framework in Frameworks */,
				1DF5F4E00D08C38300B7A737 /* UIKit.framework in Frameworks */,
				288765A50DF7441C002DB57D /* CoreGraphics.framework in Frameworks */,
				BF171245129291EC00B8313A /* OpenGLES.framework in Frameworks */,
				BF1712471292920000B8313A /* libz.dylib in Frameworks */,
				BF1C47F01293687400B63C5D /* QuartzCore.framework in Frameworks */,
				D44C620C132DFF330009C878 /* OpenAL.framework in Frameworks */,
				D44C620E132DFF430009C878 /* AVFoundation.framework in Frameworks */,
				D44C6210132DFF4E0009C878 /* AudioToolbox.framework in Frameworks */,
			);
			runOnlyForDeploymentPostprocessing = 0;
		};
		5087E75C17EB910900C73F5D /* Frameworks */ = {
			isa = PBXFrameworksBuildPhase;
			buildActionMask = 2147483647;
			files = (
				1AC6FB21180E996B004C840B /* libcocos2d Mac.a in Frameworks */,
				503AE11217EB99EE00D1A890 /* libcurl.dylib in Frameworks */,
				5087E76717EB910900C73F5D /* libz.dylib in Frameworks */,
				503AE11B17EB9C5A00D1A890 /* IOKit.framework in Frameworks */,
				5087E78B17EB975400C73F5D /* OpenGL.framework in Frameworks */,
				5087E78917EB974C00C73F5D /* AppKit.framework in Frameworks */,
				5087E76317EB910900C73F5D /* Foundation.framework in Frameworks */,
				5087E76817EB910900C73F5D /* QuartzCore.framework in Frameworks */,
				5087E76917EB910900C73F5D /* OpenAL.framework in Frameworks */,
				5087E76A17EB910900C73F5D /* AVFoundation.framework in Frameworks */,
				5087E76B17EB910900C73F5D /* AudioToolbox.framework in Frameworks */,
			);
			runOnlyForDeploymentPostprocessing = 0;
		};
/* End PBXFrameworksBuildPhase section */

/* Begin PBXGroup section */
		080E96DDFE201D6D7F000001 /* ios */ = {
			isa = PBXGroup;
			children = (
				5087E77117EB970100C73F5D /* Icons */,
				503AE0FA17EB989F00D1A890 /* AppController.h */,
				503AE0FB17EB989F00D1A890 /* AppController.mm */,
				503AE0FC17EB989F00D1A890 /* main.m */,
				503AE0FD17EB989F00D1A890 /* Prefix.pch */,
				503AE0FE17EB989F00D1A890 /* RootViewController.h */,
				503AE0FF17EB989F00D1A890 /* RootViewController.mm */,
			);
			name = ios;
			path = Classes;
			sourceTree = "<group>";
		};
		19C28FACFE9D520D11CA2CBB /* Products */ = {
			isa = PBXGroup;
			children = (
				1D6058910D05DD3D006BFB54 /* solno iOS.app */,
				5087E76F17EB910900C73F5D /* solno Mac.app */,
			);
			name = Products;
			sourceTree = "<group>";
		};
		1AC6FAE6180E9839004C840B /* Products */ = {
			isa = PBXGroup;
			children = (
				1AC6FAF9180E9839004C840B /* libcocos2d Mac.a */,
				1AC6FB07180E9839004C840B /* libcocos2d iOS.a */,
			);
			name = Products;
			sourceTree = "<group>";
		};
		29B97314FDCFA39411CA2CEA /* CustomTemplate */ = {
			isa = PBXGroup;
			children = (
				46880B8319C43A87006E1F66 /* Classes */,
				46880B7519C43A67006E1F66 /* Resources */,
				1AC6FAE5180E9839004C840B /* cocos2d_libs.xcodeproj */,
				29B97323FDCFA39411CA2CEA /* Frameworks */,
				080E96DDFE201D6D7F000001 /* ios */,
				503AE10617EB990700D1A890 /* mac */,
				19C28FACFE9D520D11CA2CBB /* Products */,
			);
			name = CustomTemplate;
			sourceTree = "<group>";
		};
		29B97323FDCFA39411CA2CEA /* Frameworks */ = {
			isa = PBXGroup;
			children = (
				D01DE4C71A6B706600235525 /* libsqlite3.0.dylib */,
				D6B0611A1803AB670077942B /* CoreMotion.framework */,
				503AE11A17EB9C5A00D1A890 /* IOKit.framework */,
				503AE11117EB99EE00D1A890 /* libcurl.dylib */,
				5087E78A17EB975400C73F5D /* OpenGL.framework */,
				5087E78817EB974C00C73F5D /* AppKit.framework */,
				1ACB3243164770DE00914215 /* libcurl.a */,
				BF170DB412928DE900B8313A /* libz.dylib */,
				D44C620F132DFF4E0009C878 /* AudioToolbox.framework */,
				D44C620D132DFF430009C878 /* AVFoundation.framework */,
				288765A40DF7441C002DB57D /* CoreGraphics.framework */,
				1D30AB110D05D00D00671497 /* Foundation.framework */,
				D44C620B132DFF330009C878 /* OpenAL.framework */,
				BF170DB012928DE900B8313A /* OpenGLES.framework */,
				BF1C47EA1293683800B63C5D /* QuartzCore.framework */,
				1DF5F4DF0D08C38300B7A737 /* UIKit.framework */,
			);
			name = Frameworks;
			sourceTree = "<group>";
		};
		46880B7519C43A67006E1F66 /* Resources */ = {
			isa = PBXGroup;
			children = (
				D0DCF53D1A85F1B1003FE946 /* data */,
				D0B25F291A7CC1AA00D0D367 /* item */,
				521A8EA819F11F5000D177D7 /* fonts */,
				3EACC98E19EE6D4300EB3C5E /* res */,
				D083A2A81A4DAE08009A9099 /* tmx */,
				D083A2AB1A4DB1EF009A9099 /* chara */,
				D048D9BD1A4E65CD00EE9339 /* ui */,
				D01DE4CB1A6B70D200235525 /* story */,
				46880B7719C43A67006E1F66 /* CloseSelected.png */,
				46880B7619C43A67006E1F66 /* CloseNormal.png */,
				46880B7A19C43A67006E1F66 /* HelloWorld.png */,
			);
			name = Resources;
			path = ../Resources;
			sourceTree = "<group>";
		};
		46880B8319C43A87006E1F66 /* Classes */ = {
			isa = PBXGroup;
			children = (
				D0A505411A65598F004C2C4E /* Library */,
				D05758BC1A6377D000BD2107 /* Model */,
				D0EBE61B1A52759B00E36888 /* State */,
				D0EBE6141A526F0F00E36888 /* Module */,
				D083A2AA1A4DAF46009A9099 /* Layer */,
				46880B8419C43A87006E1F66 /* AppDelegate.cpp */,
				46880B8519C43A87006E1F66 /* AppDelegate.h */,
			);
			name = Classes;
			path = ../Classes;
			sourceTree = "<group>";
		};
		503AE0F517EB97AB00D1A890 /* Icons */ = {
			isa = PBXGroup;
			children = (
				503AE0F617EB97AB00D1A890 /* Icon.icns */,
				503AE0F717EB97AB00D1A890 /* Info.plist */,
			);
			name = Icons;
			path = mac;
			sourceTree = SOURCE_ROOT;
		};
		503AE10617EB990700D1A890 /* mac */ = {
			isa = PBXGroup;
			children = (
				503AE0F517EB97AB00D1A890 /* Icons */,
				503AE10317EB98FF00D1A890 /* main.cpp */,
				503AE10417EB98FF00D1A890 /* Prefix.pch */,
			);
			name = mac;
			sourceTree = "<group>";
		};
		5087E77117EB970100C73F5D /* Icons */ = {
			isa = PBXGroup;
			children = (
				521A8E6219F0C34300D177D7 /* Default-667h@2x.png */,
				521A8E6319F0C34300D177D7 /* Default-736h@3x.png */,
				5087E77217EB970100C73F5D /* Default-568h@2x.png */,
				5087E77317EB970100C73F5D /* Default.png */,
				5087E77417EB970100C73F5D /* Default@2x.png */,
				50EF62A017ECD613001EB2F8 /* Icon-29.png */,
				50EF62A117ECD613001EB2F8 /* Icon-50.png */,
				50EF629217ECD46A001EB2F8 /* Icon-40.png */,
				50EF629317ECD46A001EB2F8 /* Icon-58.png */,
				50EF629417ECD46A001EB2F8 /* Icon-80.png */,
				50EF629517ECD46A001EB2F8 /* Icon-100.png */,
				5087E77517EB970100C73F5D /* Icon-114.png */,
				5087E77617EB970100C73F5D /* Icon-120.png */,
				5087E77717EB970100C73F5D /* Icon-144.png */,
				5087E77817EB970100C73F5D /* Icon-152.png */,
				5087E77917EB970100C73F5D /* Icon-57.png */,
				5087E77A17EB970100C73F5D /* Icon-72.png */,
				5087E77B17EB970100C73F5D /* Icon-76.png */,
				5087E77C17EB970100C73F5D /* Info.plist */,
			);
			name = Icons;
			path = ios;
			sourceTree = SOURCE_ROOT;
		};
		D00D9A391AA18A180023A491 /* Opening */ = {
			isa = PBXGroup;
			children = (
				D00D9A3A1AA18A6D0023A491 /* OpeningState.cpp */,
				D00D9A3B1AA18A6D0023A491 /* OpeningState.h */,
			);
			name = Opening;
			sourceTree = "<group>";
		};
		D00D9A3D1AA18BE00023A491 /* Opening */ = {
			isa = PBXGroup;
			children = (
				D00D9A3E1AA18C090023A491 /* OpeningLayer.cpp */,
				D00D9A3F1AA18C090023A491 /* OpeningLayer.h */,
				D0CE85A01AA5C9F20085BCEE /* OpeningMessageView.cpp */,
				D0CE85A11AA5C9F20085BCEE /* OpeningMessageView.h */,
			);
			name = Opening;
			sourceTree = "<group>";
		};
		D05758BC1A6377D000BD2107 /* Model */ = {
			isa = PBXGroup;
			children = (
				D0DCF5301A85AA85003FE946 /* Item */,
				D0BD841A1A6FEB1000980989 /* FieldObject */,
				D094BFB41A6D3F2500D6C383 /* Direction.cpp */,
				D094BFB51A6D3F2500D6C383 /* Direction.h */,
				D094BFB71A6D3F3800D6C383 /* Story.cpp */,
				D094BFB81A6D3F3800D6C383 /* Story.h */,
				D0C983E01A6E64DA00761742 /* Template.cpp */,
				D0C983E11A6E64DA00761742 /* Template.h */,
				D0BD84171A6FE9F300980989 /* FieldObject.cpp */,
				D0BD84181A6FE9F300980989 /* FieldObject.h */,
				D0E15D051A783B0B00E2AB46 /* Item.cpp */,
				D0E15D061A783B0B00E2AB46 /* Item.h */,
				D01EDEAA1AAAE28300522A70 /* Opening.h */,
			);
			name = Model;
			sourceTree = "<group>";
		};
		D083A2AA1A4DAF46009A9099 /* Layer */ = {
			isa = PBXGroup;
			children = (
				D00D9A3D1AA18BE00023A491 /* Opening */,
				D0DCF5391A85B47F003FE946 /* Story */,
				D0DCF53A1A85B530003FE946 /* Menu */,
				D0DCF5371A85B42F003FE946 /* Field */,
				D0DCF5381A85B44C003FE946 /* Controller */,
			);
			name = Layer;
			sourceTree = "<group>";
		};
		D0A505411A65598F004C2C4E /* Library */ = {
			isa = PBXGroup;
			children = (
				D09C592C1A98DF450085B483 /* Dispatcher.cpp */,
				D09C592D1A98DF450085B483 /* Dispatcher.h */,
				D09C592E1A98DF450085B483 /* Router.cpp */,
				D09C592F1A98DF450085B483 /* Router.h */,
				D09C59301A98DF450085B483 /* State.cpp */,
				D09C59311A98DF450085B483 /* State.h */,
				D09C59321A98DF450085B483 /* View.cpp */,
				D09C59331A98DF450085B483 /* View.h */,
				D0A505421A6559A2004C2C4E /* json11.cpp */,
				D0A505431A6559A2004C2C4E /* json11.hpp */,
			);
			name = Library;
			sourceTree = "<group>";
		};
		D0BD841A1A6FEB1000980989 /* FieldObject */ = {
			isa = PBXGroup;
			children = (
				D0BD84211A6FF21000980989 /* MessagePoint.cpp */,
				D0BD84221A6FF21000980989 /* MessagePoint.h */,
				D0BD84231A6FF21000980989 /* MovableRock.cpp */,
				D0BD84241A6FF21000980989 /* MovableRock.h */,
				D009AD411A9F65AC0075A5DB /* Tree.cpp */,
				D009AD421A9F65AC0075A5DB /* Tree.h */,
			);
			name = FieldObject;
			sourceTree = "<group>";
		};
		D0CDF0A41A5AB26E009E5E98 /* Component */ = {
			isa = PBXGroup;
			children = (
				D0CDF0A51A5AB331009E5E98 /* PlayerView.cpp */,
				D0CDF0A61A5AB331009E5E98 /* PlayerView.h */,
				D020AD721A616A2000BB01A9 /* MessageView.cpp */,
				D020AD731A616A2000BB01A9 /* MessageView.h */,
			);
			name = Component;
			sourceTree = "<group>";
		};
		D0DCF5301A85AA85003FE946 /* Item */ = {
			isa = PBXGroup;
			children = (
				D0DCF5311A85AAAB003FE946 /* ObjectOperateItem.cpp */,
				D0DCF5321A85AAAB003FE946 /* ObjectOperateItem.h */,
			);
			name = Item;
			sourceTree = "<group>";
		};
		D0DCF5341A85B3F5003FE946 /* Field */ = {
			isa = PBXGroup;
			children = (
				D0EBE61C1A5275B900E36888 /* FieldState.cpp */,
				D0EBE61D1A5275B900E36888 /* FieldState.h */,
			);
			name = Field;
			sourceTree = "<group>";
		};
		D0DCF5351A85B403003FE946 /* Menu */ = {
			isa = PBXGroup;
			children = (
				D00907461A77C60B00AD6790 /* ModeSelectMenuState.cpp */,
				D00907471A77C60B00AD6790 /* ModeSelectMenuState.h */,
				D0E15CFF1A7839A800E2AB46 /* ItemMenuState.cpp */,
				D0E15D001A7839A800E2AB46 /* ItemMenuState.h */,
				697244C91A7A44D600D0C3B6 /* MakeMenuState.cpp */,
				697244CA1A7A44D600D0C3B6 /* MakeMenuState.h */,
			);
			name = Menu;
			sourceTree = "<group>";
		};
		D0DCF5361A85B415003FE946 /* Story */ = {
			isa = PBXGroup;
			children = (
				D04876141A697B2B0097D6BB /* StoryState.cpp */,
				D04876151A697B2B0097D6BB /* StoryState.h */,
			);
			name = Story;
			sourceTree = "<group>";
		};
		D0DCF5371A85B42F003FE946 /* Field */ = {
			isa = PBXGroup;
			children = (
				D0CDF0A41A5AB26E009E5E98 /* Component */,
				D009AD3E1A9F5B5F0075A5DB /* FieldControllerLayer.cpp */,
				D009AD3F1A9F5B5F0075A5DB /* FieldControllerLayer.h */,
				D083A2A51A4DAB59009A9099 /* FieldLayer.cpp */,
				D083A2A61A4DAB59009A9099 /* FieldLayer.h */,
			);
			name = Field;
			sourceTree = "<group>";
		};
		D0DCF5381A85B44C003FE946 /* Controller */ = {
			isa = PBXGroup;
			children = (
				D0EBE6131A52606800E36888 /* Widget */,
				D048D9BA1A4E623500EE9339 /* ControllerLayer.cpp */,
				D048D9BB1A4E623500EE9339 /* ControllerLayer.h */,
				D03F07201AA210CB004D6D34 /* TerminalMessageView.cpp */,
				D03F07211AA210CB004D6D34 /* TerminalMessageView.h */,
			);
			name = Controller;
			sourceTree = "<group>";
		};
		D0DCF5391A85B47F003FE946 /* Story */ = {
			isa = PBXGroup;
			children = (
				D04876171A697B880097D6BB /* StoryLayer.cpp */,
				D04876181A697B880097D6BB /* StoryLayer.h */,
			);
			name = Story;
			sourceTree = "<group>";
		};
		D0DCF53A1A85B530003FE946 /* Menu */ = {
			isa = PBXGroup;
			children = (
				D004B8731A9E071C008CFCEC /* MakeMenuControllerLayer.cpp */,
				D004B8741A9E071C008CFCEC /* MakeMenuControllerLayer.h */,
				D00907491A77C6B400AD6790 /* ModeSelectMenuLayer.cpp */,
				D009074A1A77C6B400AD6790 /* ModeSelectMenuLayer.h */,
				D0E15D021A783A6200E2AB46 /* ItemMenuLayer.cpp */,
				D0E15D031A783A6200E2AB46 /* ItemMenuLayer.h */,
				697244CC1A7A45A600D0C3B6 /* MakeMenuLayer.cpp */,
				697244CD1A7A45A600D0C3B6 /* MakeMenuLayer.h */,
			);
			name = Menu;
			sourceTree = "<group>";
		};
		D0EBE6131A52606800E36888 /* Widget */ = {
			isa = PBXGroup;
			children = (
				D0EBE6151A526F7200E36888 /* MenuArrowItem.cpp */,
				D0EBE6161A526F7200E36888 /* MenuArrowItem.h */,
				D0FF46DB1A6242EB005EBDE7 /* MenuDecideItem.cpp */,
				D0FF46DC1A6242EB005EBDE7 /* MenuDecideItem.h */,
				D00D9A411AA1950C0023A491 /* MenuButtonItem.cpp */,
				D00D9A421AA1950C0023A491 /* MenuButtonItem.h */,
			);
			name = Widget;
			sourceTree = "<group>";
		};
		D0EBE6141A526F0F00E36888 /* Module */ = {
			isa = PBXGroup;
			children = (
				D07D33B01A7E102200061831 /* UserStorageModule.cpp */,
				D07D33B11A7E102200061831 /* UserStorageModule.h */,
				D07D33A91A7E024000061831 /* MasterStorageModule.cpp */,
				D07D33AA1A7E024000061831 /* MasterStorageModule.h */,
			);
			name = Module;
			sourceTree = "<group>";
		};
		D0EBE61B1A52759B00E36888 /* State */ = {
			isa = PBXGroup;
			children = (
				D00D9A391AA18A180023A491 /* Opening */,
				D0DCF5361A85B415003FE946 /* Story */,
				D0DCF5351A85B403003FE946 /* Menu */,
				D0DCF5341A85B3F5003FE946 /* Field */,
			);
			name = State;
			sourceTree = "<group>";
		};
/* End PBXGroup section */

/* Begin PBXNativeTarget section */
		1D6058900D05DD3D006BFB54 /* solno iOS */ = {
			isa = PBXNativeTarget;
			buildConfigurationList = 1D6058960D05DD3E006BFB54 /* Build configuration list for PBXNativeTarget "solno iOS" */;
			buildPhases = (
				1D60588D0D05DD3D006BFB54 /* Resources */,
				1D60588E0D05DD3D006BFB54 /* Sources */,
				1D60588F0D05DD3D006BFB54 /* Frameworks */,
			);
			buildRules = (
			);
			dependencies = (
				1AC6FB25180E99E1004C840B /* PBXTargetDependency */,
			);
			name = "solno iOS";
			productName = iphone;
			productReference = 1D6058910D05DD3D006BFB54 /* solno iOS.app */;
			productType = "com.apple.product-type.application";
		};
		5087E73D17EB910900C73F5D /* solno Mac */ = {
			isa = PBXNativeTarget;
			buildConfigurationList = 5087E76C17EB910900C73F5D /* Build configuration list for PBXNativeTarget "solno Mac" */;
			buildPhases = (
				5087E74817EB910900C73F5D /* Resources */,
				5087E75617EB910900C73F5D /* Sources */,
				5087E75C17EB910900C73F5D /* Frameworks */,
			);
			buildRules = (
			);
			dependencies = (
				1AC6FB16180E9959004C840B /* PBXTargetDependency */,
			);
			name = "solno Mac";
			productName = iphone;
			productReference = 5087E76F17EB910900C73F5D /* solno Mac.app */;
			productType = "com.apple.product-type.application";
		};
/* End PBXNativeTarget section */

/* Begin PBXProject section */
		29B97313FDCFA39411CA2CEA /* Project object */ = {
			isa = PBXProject;
			attributes = {
				LastUpgradeCheck = 0500;
				TargetAttributes = {
					1D6058900D05DD3D006BFB54 = {
						DevelopmentTeam = FH4ED4ZW4C;
					};
				};
			};
			buildConfigurationList = C01FCF4E08A954540054247B /* Build configuration list for PBXProject "solno" */;
			compatibilityVersion = "Xcode 3.2";
			developmentRegion = English;
			hasScannedForEncodings = 1;
			knownRegions = (
				English,
				Japanese,
				French,
				German,
			);
			mainGroup = 29B97314FDCFA39411CA2CEA /* CustomTemplate */;
			projectDirPath = "";
			projectReferences = (
				{
					ProductGroup = 1AC6FAE6180E9839004C840B /* Products */;
					ProjectRef = 1AC6FAE5180E9839004C840B /* cocos2d_libs.xcodeproj */;
				},
			);
			projectRoot = "";
			targets = (
				1D6058900D05DD3D006BFB54 /* solno iOS */,
				5087E73D17EB910900C73F5D /* solno Mac */,
			);
		};
/* End PBXProject section */

/* Begin PBXReferenceProxy section */
		1AC6FAF9180E9839004C840B /* libcocos2d Mac.a */ = {
			isa = PBXReferenceProxy;
			fileType = archive.ar;
			path = "libcocos2d Mac.a";
			remoteRef = 1AC6FAF8180E9839004C840B /* PBXContainerItemProxy */;
			sourceTree = BUILT_PRODUCTS_DIR;
		};
		1AC6FB07180E9839004C840B /* libcocos2d iOS.a */ = {
			isa = PBXReferenceProxy;
			fileType = archive.ar;
			path = "libcocos2d iOS.a";
			remoteRef = 1AC6FB06180E9839004C840B /* PBXContainerItemProxy */;
			sourceTree = BUILT_PRODUCTS_DIR;
		};
/* End PBXReferenceProxy section */

/* Begin PBXResourcesBuildPhase section */
		1D60588D0D05DD3D006BFB54 /* Resources */ = {
			isa = PBXResourcesBuildPhase;
			buildActionMask = 2147483647;
			files = (
				5087E78117EB970100C73F5D /* Icon-120.png in Resources */,
				5087E78617EB970100C73F5D /* Icon-76.png in Resources */,
				D083A2AC1A4DB1EF009A9099 /* chara in Resources */,
				5087E77F17EB970100C73F5D /* Default@2x.png in Resources */,
				D048D9BE1A4E65CD00EE9339 /* ui in Resources */,
				50EF629917ECD46A001EB2F8 /* Icon-100.png in Resources */,
				5087E78317EB970100C73F5D /* Icon-152.png in Resources */,
				46880B8119C43A67006E1F66 /* HelloWorld.png in Resources */,
				46880B7D19C43A67006E1F66 /* CloseSelected.png in Resources */,
				5087E77D17EB970100C73F5D /* Default-568h@2x.png in Resources */,
				5087E78517EB970100C73F5D /* Icon-72.png in Resources */,
				D0B25F2A1A7CC1AA00D0D367 /* item in Resources */,
				521A8E6519F0C34300D177D7 /* Default-736h@3x.png in Resources */,
				521A8EA919F11F5000D177D7 /* fonts in Resources */,
				50EF62A317ECD613001EB2F8 /* Icon-50.png in Resources */,
				D083A2A91A4DAE08009A9099 /* tmx in Resources */,
				5087E78017EB970100C73F5D /* Icon-114.png in Resources */,
				50EF62A217ECD613001EB2F8 /* Icon-29.png in Resources */,
				50EF629617ECD46A001EB2F8 /* Icon-40.png in Resources */,
				D01DE4CC1A6B70D200235525 /* story in Resources */,
				D0DCF53E1A85F1B1003FE946 /* data in Resources */,
				5087E78217EB970100C73F5D /* Icon-144.png in Resources */,
				3EACC98F19EE6D4300EB3C5E /* res in Resources */,
				50EF629817ECD46A001EB2F8 /* Icon-80.png in Resources */,
				5087E78417EB970100C73F5D /* Icon-57.png in Resources */,
				5087E77E17EB970100C73F5D /* Default.png in Resources */,
				521A8E6419F0C34300D177D7 /* Default-667h@2x.png in Resources */,
				46880B7B19C43A67006E1F66 /* CloseNormal.png in Resources */,
				50EF629717ECD46A001EB2F8 /* Icon-58.png in Resources */,
			);
			runOnlyForDeploymentPostprocessing = 0;
		};
		5087E74817EB910900C73F5D /* Resources */ = {
			isa = PBXResourcesBuildPhase;
			buildActionMask = 2147483647;
			files = (
				46880B8219C43A67006E1F66 /* HelloWorld.png in Resources */,
				503AE0F817EB97AB00D1A890 /* Icon.icns in Resources */,
				3EACC99019EE6D4300EB3C5E /* res in Resources */,
				521A8EAA19F11F5000D177D7 /* fonts in Resources */,
				46880B7C19C43A67006E1F66 /* CloseNormal.png in Resources */,
				46880B7E19C43A67006E1F66 /* CloseSelected.png in Resources */,
			);
			runOnlyForDeploymentPostprocessing = 0;
		};
/* End PBXResourcesBuildPhase section */

/* Begin PBXSourcesBuildPhase section */
		1D60588E0D05DD3D006BFB54 /* Sources */ = {
			isa = PBXSourcesBuildPhase;
			buildActionMask = 2147483647;
			files = (
				D0EBE61E1A5275B900E36888 /* FieldState.cpp in Sources */,
				D09C59341A98DF450085B483 /* Dispatcher.cpp in Sources */,
				D04876191A697B880097D6BB /* StoryLayer.cpp in Sources */,
				46880B8819C43A87006E1F66 /* AppDelegate.cpp in Sources */,
				D09C59371A98DF450085B483 /* View.cpp in Sources */,
				D0BD84261A6FF21000980989 /* MovableRock.cpp in Sources */,
				D0EBE6171A526F7200E36888 /* MenuArrowItem.cpp in Sources */,
				D048D9BC1A4E623500EE9339 /* ControllerLayer.cpp in Sources */,
				D07D33B21A7E102200061831 /* UserStorageModule.cpp in Sources */,
				D094BFB91A6D3F3800D6C383 /* Story.cpp in Sources */,
				D009AD401A9F5B5F0075A5DB /* FieldControllerLayer.cpp in Sources */,
				D00D9A431AA1950C0023A491 /* MenuButtonItem.cpp in Sources */,
				D0E15D071A783B0B00E2AB46 /* Item.cpp in Sources */,
				D00D9A3C1AA18A6D0023A491 /* OpeningState.cpp in Sources */,
				D0A505441A6559A2004C2C4E /* json11.cpp in Sources */,
				697244CE1A7A45A600D0C3B6 /* MakeMenuLayer.cpp in Sources */,
				D020AD741A616A2000BB01A9 /* MessageView.cpp in Sources */,
				D009AD431A9F65AC0075A5DB /* Tree.cpp in Sources */,
				D0BD84191A6FE9F300980989 /* FieldObject.cpp in Sources */,
				D0FF46DD1A6242EB005EBDE7 /* MenuDecideItem.cpp in Sources */,
				D083A2A71A4DAB59009A9099 /* FieldLayer.cpp in Sources */,
				503AE10017EB989F00D1A890 /* AppController.mm in Sources */,
				D004B8751A9E071C008CFCEC /* MakeMenuControllerLayer.cpp in Sources */,
				D00907481A77C60B00AD6790 /* ModeSelectMenuState.cpp in Sources */,
				D03F07221AA210CB004D6D34 /* TerminalMessageView.cpp in Sources */,
				D0CE85A21AA5C9F20085BCEE /* OpeningMessageView.cpp in Sources */,
				697244CB1A7A44D600D0C3B6 /* MakeMenuState.cpp in Sources */,
				D009074B1A77C6B400AD6790 /* ModeSelectMenuLayer.cpp in Sources */,
				D0CDF0A71A5AB331009E5E98 /* PlayerView.cpp in Sources */,
				D0DCF5331A85AAAB003FE946 /* ObjectOperateItem.cpp in Sources */,
				503AE10217EB989F00D1A890 /* RootViewController.mm in Sources */,
				503AE10117EB989F00D1A890 /* main.m in Sources */,
				D09C59351A98DF450085B483 /* Router.cpp in Sources */,
				D0BD84251A6FF21000980989 /* MessagePoint.cpp in Sources */,
				D0E15D011A7839A800E2AB46 /* ItemMenuState.cpp in Sources */,
				D09C59361A98DF450085B483 /* State.cpp in Sources */,
				D07D33AB1A7E024000061831 /* MasterStorageModule.cpp in Sources */,
				D04876161A697B2B0097D6BB /* StoryState.cpp in Sources */,
				D0C983E21A6E64DA00761742 /* Template.cpp in Sources */,
				D00D9A401AA18C090023A491 /* OpeningLayer.cpp in Sources */,
				D094BFB61A6D3F2500D6C383 /* Direction.cpp in Sources */,
				D0E15D041A783A6200E2AB46 /* ItemMenuLayer.cpp in Sources */,
			);
			runOnlyForDeploymentPostprocessing = 0;
		};
		5087E75617EB910900C73F5D /* Sources */ = {
			isa = PBXSourcesBuildPhase;
			buildActionMask = 2147483647;
			files = (
				46880B8919C43A87006E1F66 /* AppDelegate.cpp in Sources */,
				503AE10517EB98FF00D1A890 /* main.cpp in Sources */,
			);
			runOnlyForDeploymentPostprocessing = 0;
		};
/* End PBXSourcesBuildPhase section */

/* Begin PBXTargetDependency section */
		1AC6FB16180E9959004C840B /* PBXTargetDependency */ = {
			isa = PBXTargetDependency;
			name = "cocos2dx Mac";
			targetProxy = 1AC6FB15180E9959004C840B /* PBXContainerItemProxy */;
		};
		1AC6FB25180E99E1004C840B /* PBXTargetDependency */ = {
			isa = PBXTargetDependency;
			name = "cocos2dx iOS";
			targetProxy = 1AC6FB24180E99E1004C840B /* PBXContainerItemProxy */;
		};
/* End PBXTargetDependency section */

/* Begin XCBuildConfiguration section */
		1D6058940D05DD3E006BFB54 /* Debug */ = {
			isa = XCBuildConfiguration;
			buildSettings = {
				ALWAYS_SEARCH_USER_PATHS = YES;
				CODE_SIGN_IDENTITY = "iPhone Developer: Mitsushige Komiya (H4BCXMPZQT)";
				COMPRESS_PNG_FILES = NO;
				GCC_DYNAMIC_NO_PIC = NO;
				GCC_INLINES_ARE_PRIVATE_EXTERN = NO;
				GCC_PRECOMPILE_PREFIX_HEADER = YES;
				GCC_PREFIX_HEADER = ios/Prefix.pch;
				GCC_PREPROCESSOR_DEFINITIONS = (
					USE_FILE32API,
					CC_TARGET_OS_IPHONE,
					"COCOS2D_DEBUG=1",
					"CC_ENABLE_CHIPMUNK_INTEGRATION=1",
				);
				GCC_SYMBOLS_PRIVATE_EXTERN = NO;
				HEADER_SEARCH_PATHS = (
					"$(inherited)",
					"$(SRCROOT)/../cocos2d/cocos/platform/ios",
					"$(SRCROOT)/../cocos2d/cocos/platform/ios/Simulation",
				);
				INFOPLIST_FILE = ios/Info.plist;
				IPHONEOS_DEPLOYMENT_TARGET = 5.0;
				LIBRARY_SEARCH_PATHS = "";
				PROVISIONING_PROFILE = "440ba5f0-5bbe-44e3-b0e5-c68336b8333c";
				SDKROOT = iphoneos;
				TARGETED_DEVICE_FAMILY = "1,2";
				USER_HEADER_SEARCH_PATHS = "";
				VALID_ARCHS = "arm64 armv7";
			};
			name = Debug;
		};
		1D6058950D05DD3E006BFB54 /* Release */ = {
			isa = XCBuildConfiguration;
			buildSettings = {
				ALWAYS_SEARCH_USER_PATHS = YES;
				CODE_SIGN_IDENTITY = "iPhone Distribution: Mitsushige Komiya (FH4ED4ZW4C)";
				COMPRESS_PNG_FILES = NO;
				GCC_INLINES_ARE_PRIVATE_EXTERN = NO;
				GCC_PRECOMPILE_PREFIX_HEADER = YES;
				GCC_PREFIX_HEADER = ios/Prefix.pch;
				GCC_PREPROCESSOR_DEFINITIONS = (
					USE_FILE32API,
					CC_TARGET_OS_IPHONE,
					"CC_ENABLE_CHIPMUNK_INTEGRATION=1",
				);
				GCC_SYMBOLS_PRIVATE_EXTERN = NO;
				HEADER_SEARCH_PATHS = (
					"$(inherited)",
					"$(SRCROOT)/../cocos2d/cocos/platform/ios",
					"$(SRCROOT)/../cocos2d/cocos/platform/ios/Simulation",
				);
				INFOPLIST_FILE = ios/Info.plist;
				IPHONEOS_DEPLOYMENT_TARGET = 5.0;
				LIBRARY_SEARCH_PATHS = "";
				PROVISIONING_PROFILE = "19819ee8-0ee7-4b1b-8179-3bbe48a369e9";
				SDKROOT = iphoneos;
				TARGETED_DEVICE_FAMILY = "1,2";
				USER_HEADER_SEARCH_PATHS = "";
				VALID_ARCHS = "arm64 armv7";
			};
			name = Release;
		};
		5087E76D17EB910900C73F5D /* Debug */ = {
			isa = XCBuildConfiguration;
			buildSettings = {
				ALWAYS_SEARCH_USER_PATHS = YES;
				ARCHS = "$(ARCHS_STANDARD_64_BIT)";
				CLANG_CXX_LANGUAGE_STANDARD = "c++0x";
				CLANG_CXX_LIBRARY = "libc++";
				GCC_DYNAMIC_NO_PIC = NO;
				GCC_INLINES_ARE_PRIVATE_EXTERN = NO;
				GCC_PRECOMPILE_PREFIX_HEADER = YES;
				GCC_PREFIX_HEADER = mac/Prefix.pch;
				GCC_PREPROCESSOR_DEFINITIONS = (
					USE_FILE32API,
					CC_TARGET_OS_MAC,
					"COCOS2D_DEBUG=1",
					"CC_ENABLE_CHIPMUNK_INTEGRATION=1",
				);
				GCC_SYMBOLS_PRIVATE_EXTERN = NO;
				HEADER_SEARCH_PATHS = (
					"$(inherited)",
					"$(SRCROOT)/../cocos2d/cocos/platform/mac",
					"$(SRCROOT)/../cocos2d/external/glfw3/include/mac",
				);
				INFOPLIST_FILE = mac/Info.plist;
				LIBRARY_SEARCH_PATHS = "";
				USER_HEADER_SEARCH_PATHS = "";
			};
			name = Debug;
		};
		5087E76E17EB910900C73F5D /* Release */ = {
			isa = XCBuildConfiguration;
			buildSettings = {
				ALWAYS_SEARCH_USER_PATHS = YES;
				ARCHS = "$(ARCHS_STANDARD_64_BIT)";
				CLANG_CXX_LANGUAGE_STANDARD = "c++0x";
				CLANG_CXX_LIBRARY = "libc++";
				GCC_INLINES_ARE_PRIVATE_EXTERN = NO;
				GCC_PRECOMPILE_PREFIX_HEADER = YES;
				GCC_PREFIX_HEADER = mac/Prefix.pch;
				GCC_PREPROCESSOR_DEFINITIONS = (
					USE_FILE32API,
					CC_TARGET_OS_MAC,
					"CC_ENABLE_CHIPMUNK_INTEGRATION=1",
				);
				GCC_SYMBOLS_PRIVATE_EXTERN = NO;
				HEADER_SEARCH_PATHS = (
					"$(inherited)",
					"$(SRCROOT)/../cocos2d/cocos/platform/mac",
					"$(SRCROOT)/../cocos2d/external/glfw3/include/mac",
				);
				INFOPLIST_FILE = mac/Info.plist;
				LIBRARY_SEARCH_PATHS = "";
				USER_HEADER_SEARCH_PATHS = "";
			};
			name = Release;
		};
		C01FCF4F08A954540054247B /* Debug */ = {
			isa = XCBuildConfiguration;
			buildSettings = {
				CLANG_CXX_LANGUAGE_STANDARD = "c++0x";
				CLANG_CXX_LIBRARY = "libc++";
				COPY_PHASE_STRIP = NO;
				GCC_OPTIMIZATION_LEVEL = 0;
				GCC_WARN_ABOUT_RETURN_TYPE = YES;
				GCC_WARN_UNUSED_VARIABLE = YES;
				HEADER_SEARCH_PATHS = (
					"$(SRCROOT)/../cocos2d",
					"$(SRCROOT)/../cocos2d/cocos",
					"$(SRCROOT)/../cocos2d/cocos/base",
					"$(SRCROOT)/../cocos2d/cocos/physics",
					"$(SRCROOT)/../cocos2d/cocos/math",
					"$(SRCROOT)/../cocos2d/cocos/2d",
					"$(SRCROOT)/../cocos2d/cocos/ui",
					"$(SRCROOT)/../cocos2d/cocos/network",
					"$(SRCROOT)/../cocos2d/cocos/audio/include",
					"$(SRCROOT)/../cocos2d/cocos/editor-support",
					"$(SRCROOT)/../cocos2d/extensions",
					"$(SRCROOT)/../cocos2d/external",
					"$(SRCROOT)/../cocos2d/external/chipmunk/include/chipmunk",
				);
				MACOSX_DEPLOYMENT_TARGET = 10.7;
				ONLY_ACTIVE_ARCH = YES;
				PRODUCT_NAME = "$(TARGET_NAME)";
				SDKROOT = macosx;
			};
			name = Debug;
		};
		C01FCF5008A954540054247B /* Release */ = {
			isa = XCBuildConfiguration;
			buildSettings = {
				CLANG_CXX_LANGUAGE_STANDARD = "c++0x";
				CLANG_CXX_LIBRARY = "libc++";
				GCC_WARN_ABOUT_RETURN_TYPE = YES;
				GCC_WARN_UNUSED_VARIABLE = YES;
				HEADER_SEARCH_PATHS = (
					"$(SRCROOT)/../cocos2d",
					"$(SRCROOT)/../cocos2d/cocos",
					"$(SRCROOT)/../cocos2d/cocos/base",
					"$(SRCROOT)/../cocos2d/cocos/physics",
					"$(SRCROOT)/../cocos2d/cocos/math",
					"$(SRCROOT)/../cocos2d/cocos/2d",
					"$(SRCROOT)/../cocos2d/cocos/ui",
					"$(SRCROOT)/../cocos2d/cocos/network",
					"$(SRCROOT)/../cocos2d/cocos/audio/include",
					"$(SRCROOT)/../cocos2d/cocos/editor-support",
					"$(SRCROOT)/../cocos2d/extensions",
					"$(SRCROOT)/../cocos2d/external",
					"$(SRCROOT)/../cocos2d/external/chipmunk/include/chipmunk",
				);
				MACOSX_DEPLOYMENT_TARGET = 10.7;
				OTHER_CFLAGS = "-DNS_BLOCK_ASSERTIONS=1";
				PRODUCT_NAME = "$(TARGET_NAME)";
				SDKROOT = macosx;
				VALIDATE_PRODUCT = YES;
			};
			name = Release;
		};
/* End XCBuildConfiguration section */

/* Begin XCConfigurationList section */
		1D6058960D05DD3E006BFB54 /* Build configuration list for PBXNativeTarget "solno iOS" */ = {
			isa = XCConfigurationList;
			buildConfigurations = (
				1D6058940D05DD3E006BFB54 /* Debug */,
				1D6058950D05DD3E006BFB54 /* Release */,
			);
			defaultConfigurationIsVisible = 0;
			defaultConfigurationName = Debug;
		};
		5087E76C17EB910900C73F5D /* Build configuration list for PBXNativeTarget "solno Mac" */ = {
			isa = XCConfigurationList;
			buildConfigurations = (
				5087E76D17EB910900C73F5D /* Debug */,
				5087E76E17EB910900C73F5D /* Release */,
			);
			defaultConfigurationIsVisible = 0;
			defaultConfigurationName = Debug;
		};
		C01FCF4E08A954540054247B /* Build configuration list for PBXProject "solno" */ = {
			isa = XCConfigurationList;
			buildConfigurations = (
				C01FCF4F08A954540054247B /* Debug */,
				C01FCF5008A954540054247B /* Release */,
			);
			defaultConfigurationIsVisible = 0;
			defaultConfigurationName = Debug;
		};
/* End XCConfigurationList section */
	};
	rootObject = 29B97313FDCFA39411CA2CEA /* Project object */;
}
